{
  "version": 4,
  "terraform_version": "1.10.5",
  "serial": 45,
  "lineage": "cc749a03-8954-4d2e-e40c-cc10248c7830",
  "outputs": {},
  "resources": [
    {
      "mode": "managed",
      "type": "google_compute_instance",
      "name": "vm_instance",
      "provider": "provider[\"registry.terraform.io/hashicorp/google\"]",
      "instances": [
        {
          "schema_version": 6,
          "attributes": {
            "advanced_machine_features": [],
            "allow_stopping_for_update": null,
            "attached_disk": [],
            "boot_disk": [
              {
                "auto_delete": true,
                "device_name": "persistent-disk-0",
                "disk_encryption_key_raw": "",
                "disk_encryption_key_sha256": "",
                "initialize_params": [
                  {
                    "enable_confidential_compute": false,
                    "image": "https://www.googleapis.com/compute/v1/projects/ubuntu-os-pro-cloud/global/images/ubuntu-pro-2404-noble-amd64-v20250214",
                    "labels": {},
                    "provisioned_iops": 3060,
                    "provisioned_throughput": 155,
                    "resource_manager_tags": null,
                    "resource_policies": [],
                    "size": 10,
                    "storage_pool": "",
                    "type": "hyperdisk-balanced"
                  }
                ],
                "interface": "",
                "kms_key_self_link": "",
                "mode": "READ_WRITE",
                "source": "https://www.googleapis.com/compute/v1/projects/ai-at-edge-442215/zones/us-central1-a/disks/quantization"
              }
            ],
            "can_ip_forward": false,
            "confidential_instance_config": [],
            "cpu_platform": "Intel Emerald Rapids",
            "current_status": "RUNNING",
            "deletion_protection": false,
            "description": "",
            "desired_status": null,
            "effective_labels": {
              "goog-terraform-provisioned": "true"
            },
            "enable_display": false,
            "guest_accelerator": [],
            "hostname": "",
            "id": "projects/ai-at-edge-442215/zones/us-central1-a/instances/quantization",
            "instance_id": "238856990005673789",
            "label_fingerprint": "vezUS-42LLM=",
            "labels": null,
            "machine_type": "c4-standard-4",
            "metadata": {
              "ssh-keys": "google:ssh-rsa AAAAB3NzaC1yc2EAAAADAQABAAABgQDJyNsUTwzUbrGQDm0dwLKa9LR2WQmnUrqZTaFWROEpA+rn9GwUlVOIVnXpzENHifIqc/Sx1WBqPjR3uQMpxACJ9u4RofPcT2PYaoApfZVKdYap6WGKgKXtUaVgumBkIIXJhbZHbrdVTMTpoylHe77cReGWYkDlrMZVGBhbb5GCaLm+p/o9MEggBy9Z+YnjTjiMXKRkbQiTcFZR7g+sY/V8mhAUp5CpVMLpxb+Tu3ubQSaFOBSj9Zt3mNTdfEavttlWD1Rx5RPqyKTOpwrLvK8lxTRmN/PnzGZdawtMyQNGOTJEYDpZ3Y7KIRkQDLvjn22Ahn6qFb6UAlVM9Z2/W6E8MmZ5MbCOCW71xFWPHfD/aF69hXLBPOKKOadsfQGHRLlFipg55Qt8v2zAFqp6eqz9bR7Wk70zMtGwtg0YhlHYcZK2pfTrG0UowZtORTDCBgIxJArMxoyP1Pz52NxYO0Y1P005RU0Nbu4fH3mbLR2+iizgHuLPsF7Ffx0J2JnPmEM= customuser@b6184b8b9f4e\n"
            },
            "metadata_fingerprint": "kPeabBrKyk0=",
            "metadata_startup_script": null,
            "min_cpu_platform": "",
            "name": "quantization",
            "network_interface": [
              {
                "access_config": [
                  {
                    "nat_ip": "34.55.89.206",
                    "network_tier": "PREMIUM",
                    "public_ptr_domain_name": ""
                  }
                ],
                "alias_ip_range": [],
                "internal_ipv6_prefix_length": 0,
                "ipv6_access_config": [],
                "ipv6_access_type": "",
                "ipv6_address": "",
                "name": "nic0",
                "network": "https://www.googleapis.com/compute/v1/projects/ai-at-edge-442215/global/networks/default",
                "network_ip": "10.128.0.14",
                "nic_type": "",
                "queue_count": 0,
                "stack_type": "IPV4_ONLY",
                "subnetwork": "https://www.googleapis.com/compute/v1/projects/ai-at-edge-442215/regions/us-central1/subnetworks/default",
                "subnetwork_project": "ai-at-edge-442215"
              }
            ],
            "network_performance_config": [],
            "params": [],
            "project": "ai-at-edge-442215",
            "reservation_affinity": [],
            "resource_policies": null,
            "scheduling": [
              {
                "automatic_restart": true,
                "instance_termination_action": "",
                "local_ssd_recovery_timeout": [],
                "max_run_duration": [],
                "min_node_cpus": 0,
                "node_affinities": [],
                "on_host_maintenance": "MIGRATE",
                "on_instance_stop_action": [],
                "preemptible": false,
                "provisioning_model": "STANDARD"
              }
            ],
            "scratch_disk": [],
            "self_link": "https://www.googleapis.com/compute/v1/projects/ai-at-edge-442215/zones/us-central1-a/instances/quantization",
            "service_account": [],
            "shielded_instance_config": [
              {
                "enable_integrity_monitoring": true,
                "enable_secure_boot": false,
                "enable_vtpm": true
              }
            ],
            "tags": null,
            "tags_fingerprint": "42WmSpB8rSM=",
            "terraform_labels": {
              "goog-terraform-provisioned": "true"
            },
            "timeouts": null,
            "zone": "us-central1-a"
          },
          "sensitive_attributes": [
            [
              {
                "type": "get_attr",
                "value": "boot_disk"
              },
              {
                "type": "index",
                "value": {
                  "value": 0,
                  "type": "number"
                }
              },
              {
                "type": "get_attr",
                "value": "disk_encryption_key_raw"
              }
            ]
          ],
          "private": "eyJlMmJmYjczMC1lY2FhLTExZTYtOGY4OC0zNDM2M2JjN2M0YzAiOnsiY3JlYXRlIjoxMjAwMDAwMDAwMDAwLCJkZWxldGUiOjEyMDAwMDAwMDAwMDAsInVwZGF0ZSI6MTIwMDAwMDAwMDAwMH0sInNjaGVtYV92ZXJzaW9uIjoiNiJ9"
        }
      ]
    }
  ],
  "check_results": null
}
