{
  "version": 4,
  "terraform_version": "1.10.5",
  "serial": 332,
  "lineage": "98de9673-7c2d-bd2f-66d4-c6a4302eb72f",
  "outputs": {},
  "resources": [
    {
      "mode": "managed",
      "type": "google_compute_firewall",
      "name": "allow_internal_egress",
      "provider": "provider[\"registry.terraform.io/hashicorp/google\"]",
      "instances": [
        {
          "schema_version": 1,
          "attributes": {
            "allow": [
              {
                "ports": [
                  "0-65535"
                ],
                "protocol": "tcp"
              },
              {
                "ports": [
                  "0-65535"
                ],
                "protocol": "udp"
              },
              {
                "ports": [],
                "protocol": "icmp"
              }
            ],
            "creation_timestamp": "2025-03-23T09:04:14.500-07:00",
            "deny": [],
            "description": "",
            "destination_ranges": [
              "10.0.1.0/24"
            ],
            "direction": "EGRESS",
            "disabled": false,
            "enable_logging": null,
            "id": "projects/ai-at-edge-442215/global/firewalls/allow-internal-egress",
            "log_config": [],
            "name": "allow-internal-egress",
            "network": "https://www.googleapis.com/compute/v1/projects/ai-at-edge-442215/global/networks/main-vpc",
            "priority": 1000,
            "project": "ai-at-edge-442215",
            "self_link": "https://www.googleapis.com/compute/v1/projects/ai-at-edge-442215/global/firewalls/allow-internal-egress",
            "source_ranges": null,
            "source_service_accounts": null,
            "source_tags": null,
            "target_service_accounts": null,
            "target_tags": null,
            "timeouts": null
          },
          "sensitive_attributes": [],
          "private": "eyJlMmJmYjczMC1lY2FhLTExZTYtOGY4OC0zNDM2M2JjN2M0YzAiOnsiY3JlYXRlIjoxMjAwMDAwMDAwMDAwLCJkZWxldGUiOjEyMDAwMDAwMDAwMDAsInVwZGF0ZSI6MTIwMDAwMDAwMDAwMH0sInNjaGVtYV92ZXJzaW9uIjoiMSJ9",
          "dependencies": [
            "google_compute_network.main_vpc"
          ]
        }
      ]
    },
    {
      "mode": "managed",
      "type": "google_compute_firewall",
      "name": "allow_internal_traffic",
      "provider": "provider[\"registry.terraform.io/hashicorp/google\"]",
      "instances": [
        {
          "schema_version": 1,
          "attributes": {
            "allow": [
              {
                "ports": [
                  "0-65535"
                ],
                "protocol": "tcp"
              },
              {
                "ports": [
                  "0-65535"
                ],
                "protocol": "udp"
              },
              {
                "ports": [],
                "protocol": "icmp"
              }
            ],
            "creation_timestamp": "2025-03-23T09:04:14.641-07:00",
            "deny": [],
            "description": "",
            "destination_ranges": [],
            "direction": "INGRESS",
            "disabled": false,
            "enable_logging": null,
            "id": "projects/ai-at-edge-442215/global/firewalls/allow-internal-traffic",
            "log_config": [],
            "name": "allow-internal-traffic",
            "network": "https://www.googleapis.com/compute/v1/projects/ai-at-edge-442215/global/networks/main-vpc",
            "priority": 1000,
            "project": "ai-at-edge-442215",
            "self_link": "https://www.googleapis.com/compute/v1/projects/ai-at-edge-442215/global/firewalls/allow-internal-traffic",
            "source_ranges": [
              "10.0.1.0/24"
            ],
            "source_service_accounts": null,
            "source_tags": null,
            "target_service_accounts": null,
            "target_tags": null,
            "timeouts": null
          },
          "sensitive_attributes": [],
          "private": "eyJlMmJmYjczMC1lY2FhLTExZTYtOGY4OC0zNDM2M2JjN2M0YzAiOnsiY3JlYXRlIjoxMjAwMDAwMDAwMDAwLCJkZWxldGUiOjEyMDAwMDAwMDAwMDAsInVwZGF0ZSI6MTIwMDAwMDAwMDAwMH0sInNjaGVtYV92ZXJzaW9uIjoiMSJ9",
          "dependencies": [
            "google_compute_network.main_vpc"
          ]
        }
      ]
    },
    {
      "mode": "managed",
      "type": "google_compute_firewall",
      "name": "allow_ssh",
      "provider": "provider[\"registry.terraform.io/hashicorp/google\"]",
      "instances": [
        {
          "schema_version": 1,
          "attributes": {
            "allow": [
              {
                "ports": [
                  "22"
                ],
                "protocol": "tcp"
              }
            ],
            "creation_timestamp": "2025-03-23T09:04:14.490-07:00",
            "deny": [],
            "description": "",
            "destination_ranges": [],
            "direction": "INGRESS",
            "disabled": false,
            "enable_logging": null,
            "id": "projects/ai-at-edge-442215/global/firewalls/allow-ssh",
            "log_config": [],
            "name": "allow-ssh",
            "network": "https://www.googleapis.com/compute/v1/projects/ai-at-edge-442215/global/networks/main-vpc",
            "priority": 1000,
            "project": "ai-at-edge-442215",
            "self_link": "https://www.googleapis.com/compute/v1/projects/ai-at-edge-442215/global/firewalls/allow-ssh",
            "source_ranges": [
              "0.0.0.0/0"
            ],
            "source_service_accounts": null,
            "source_tags": null,
            "target_service_accounts": null,
            "target_tags": null,
            "timeouts": null
          },
          "sensitive_attributes": [],
          "private": "eyJlMmJmYjczMC1lY2FhLTExZTYtOGY4OC0zNDM2M2JjN2M0YzAiOnsiY3JlYXRlIjoxMjAwMDAwMDAwMDAwLCJkZWxldGUiOjEyMDAwMDAwMDAwMDAsInVwZGF0ZSI6MTIwMDAwMDAwMDAwMH0sInNjaGVtYV92ZXJzaW9uIjoiMSJ9",
          "dependencies": [
            "google_compute_network.main_vpc"
          ]
        }
      ]
    },
    {
      "mode": "managed",
      "type": "google_compute_instance",
      "name": "vm_instances",
      "provider": "provider[\"registry.terraform.io/hashicorp/google\"]",
      "instances": [
        {
          "index_key": 0,
          "schema_version": 6,
          "attributes": {
            "advanced_machine_features": [],
            "allow_stopping_for_update": null,
            "attached_disk": [],
            "boot_disk": [
              {
                "auto_delete": true,
                "device_name": "persistent-disk-0",
                "disk_encryption_key_raw": "",
                "disk_encryption_key_sha256": "",
                "initialize_params": [
                  {
                    "enable_confidential_compute": false,
                    "image": "https://www.googleapis.com/compute/v1/projects/ai-at-edge-442215/global/images/project-image",
                    "labels": {},
                    "provisioned_iops": 0,
                    "provisioned_throughput": 0,
                    "resource_manager_tags": null,
                    "resource_policies": [],
                    "size": 10,
                    "storage_pool": "",
                    "type": "pd-standard"
                  }
                ],
                "interface": "",
                "kms_key_self_link": "",
                "mode": "READ_WRITE",
                "source": "https://www.googleapis.com/compute/v1/projects/ai-at-edge-442215/zones/europe-west12-c/disks/registry"
              }
            ],
            "can_ip_forward": false,
            "confidential_instance_config": [],
            "cpu_platform": "Intel Broadwell",
            "current_status": "RUNNING",
            "deletion_protection": false,
            "description": "",
            "desired_status": null,
            "effective_labels": {
              "goog-terraform-provisioned": "true"
            },
            "enable_display": false,
            "guest_accelerator": [],
            "hostname": "",
            "id": "projects/ai-at-edge-442215/zones/europe-west12-c/instances/registry",
            "instance_id": "9105198948276867065",
            "label_fingerprint": "vezUS-42LLM=",
            "labels": null,
            "machine_type": "e2-standard-2",
            "metadata": {
              "ssh-keys": "google:ssh-rsa AAAAB3NzaC1yc2EAAAADAQABAAABgQDJyNsUTwzUbrGQDm0dwLKa9LR2WQmnUrqZTaFWROEpA+rn9GwUlVOIVnXpzENHifIqc/Sx1WBqPjR3uQMpxACJ9u4RofPcT2PYaoApfZVKdYap6WGKgKXtUaVgumBkIIXJhbZHbrdVTMTpoylHe77cReGWYkDlrMZVGBhbb5GCaLm+p/o9MEggBy9Z+YnjTjiMXKRkbQiTcFZR7g+sY/V8mhAUp5CpVMLpxb+Tu3ubQSaFOBSj9Zt3mNTdfEavttlWD1Rx5RPqyKTOpwrLvK8lxTRmN/PnzGZdawtMyQNGOTJEYDpZ3Y7KIRkQDLvjn22Ahn6qFb6UAlVM9Z2/W6E8MmZ5MbCOCW71xFWPHfD/aF69hXLBPOKKOadsfQGHRLlFipg55Qt8v2zAFqp6eqz9bR7Wk70zMtGwtg0YhlHYcZK2pfTrG0UowZtORTDCBgIxJArMxoyP1Pz52NxYO0Y1P005RU0Nbu4fH3mbLR2+iizgHuLPsF7Ffx0J2JnPmEM= customuser@b6184b8b9f4e\n"
            },
            "metadata_fingerprint": "kPeabBrKyk0=",
            "metadata_startup_script": null,
            "min_cpu_platform": "",
            "name": "registry",
            "network_interface": [
              {
                "access_config": [
                  {
                    "nat_ip": "34.17.104.93",
                    "network_tier": "PREMIUM",
                    "public_ptr_domain_name": ""
                  }
                ],
                "alias_ip_range": [],
                "internal_ipv6_prefix_length": 0,
                "ipv6_access_config": [],
                "ipv6_access_type": "",
                "ipv6_address": "",
                "name": "nic0",
                "network": "https://www.googleapis.com/compute/v1/projects/ai-at-edge-442215/global/networks/main-vpc",
                "network_ip": "10.0.1.11",
                "nic_type": "",
                "queue_count": 0,
                "stack_type": "IPV4_ONLY",
                "subnetwork": "https://www.googleapis.com/compute/v1/projects/ai-at-edge-442215/regions/europe-west12/subnetworks/main-subnet",
                "subnetwork_project": "ai-at-edge-442215"
              }
            ],
            "network_performance_config": [],
            "params": [],
            "project": "ai-at-edge-442215",
            "reservation_affinity": [],
            "resource_policies": null,
            "scheduling": [
              {
                "automatic_restart": true,
                "instance_termination_action": "",
                "local_ssd_recovery_timeout": [],
                "max_run_duration": [],
                "min_node_cpus": 0,
                "node_affinities": [],
                "on_host_maintenance": "MIGRATE",
                "on_instance_stop_action": [],
                "preemptible": false,
                "provisioning_model": "STANDARD"
              }
            ],
            "scratch_disk": [],
            "self_link": "https://www.googleapis.com/compute/v1/projects/ai-at-edge-442215/zones/europe-west12-c/instances/registry",
            "service_account": [],
            "shielded_instance_config": [
              {
                "enable_integrity_monitoring": true,
                "enable_secure_boot": false,
                "enable_vtpm": true
              }
            ],
            "tags": null,
            "tags_fingerprint": "42WmSpB8rSM=",
            "terraform_labels": {
              "goog-terraform-provisioned": "true"
            },
            "timeouts": null,
            "zone": "europe-west12-c"
          },
          "sensitive_attributes": [
            [
              {
                "type": "get_attr",
                "value": "boot_disk"
              },
              {
                "type": "index",
                "value": {
                  "value": 0,
                  "type": "number"
                }
              },
              {
                "type": "get_attr",
                "value": "disk_encryption_key_raw"
              }
            ]
          ],
          "private": "eyJlMmJmYjczMC1lY2FhLTExZTYtOGY4OC0zNDM2M2JjN2M0YzAiOnsiY3JlYXRlIjoxMjAwMDAwMDAwMDAwLCJkZWxldGUiOjEyMDAwMDAwMDAwMDAsInVwZGF0ZSI6MTIwMDAwMDAwMDAwMH0sInNjaGVtYV92ZXJzaW9uIjoiNiJ9",
          "dependencies": [
            "google_compute_network.main_vpc",
            "google_compute_subnetwork.main_subnet"
          ]
        },
        {
          "index_key": 1,
          "schema_version": 6,
          "attributes": {
            "advanced_machine_features": [],
            "allow_stopping_for_update": null,
            "attached_disk": [],
            "boot_disk": [
              {
                "auto_delete": true,
                "device_name": "persistent-disk-0",
                "disk_encryption_key_raw": "",
                "disk_encryption_key_sha256": "",
                "initialize_params": [
                  {
                    "enable_confidential_compute": false,
                    "image": "https://www.googleapis.com/compute/v1/projects/ai-at-edge-442215/global/images/project-image",
                    "labels": {},
                    "provisioned_iops": 0,
                    "provisioned_throughput": 0,
                    "resource_manager_tags": null,
                    "resource_policies": [],
                    "size": 10,
                    "storage_pool": "",
                    "type": "pd-standard"
                  }
                ],
                "interface": "",
                "kms_key_self_link": "",
                "mode": "READ_WRITE",
                "source": "https://www.googleapis.com/compute/v1/projects/ai-at-edge-442215/zones/europe-west12-c/disks/optimizer"
              }
            ],
            "can_ip_forward": false,
            "confidential_instance_config": [],
            "cpu_platform": "Intel Broadwell",
            "current_status": "RUNNING",
            "deletion_protection": false,
            "description": "",
            "desired_status": null,
            "effective_labels": {
              "goog-terraform-provisioned": "true"
            },
            "enable_display": false,
            "guest_accelerator": [],
            "hostname": "",
            "id": "projects/ai-at-edge-442215/zones/europe-west12-c/instances/optimizer",
            "instance_id": "1972463836876083192",
            "label_fingerprint": "vezUS-42LLM=",
            "labels": null,
            "machine_type": "e2-standard-2",
            "metadata": {
              "ssh-keys": "google:ssh-rsa AAAAB3NzaC1yc2EAAAADAQABAAABgQDJyNsUTwzUbrGQDm0dwLKa9LR2WQmnUrqZTaFWROEpA+rn9GwUlVOIVnXpzENHifIqc/Sx1WBqPjR3uQMpxACJ9u4RofPcT2PYaoApfZVKdYap6WGKgKXtUaVgumBkIIXJhbZHbrdVTMTpoylHe77cReGWYkDlrMZVGBhbb5GCaLm+p/o9MEggBy9Z+YnjTjiMXKRkbQiTcFZR7g+sY/V8mhAUp5CpVMLpxb+Tu3ubQSaFOBSj9Zt3mNTdfEavttlWD1Rx5RPqyKTOpwrLvK8lxTRmN/PnzGZdawtMyQNGOTJEYDpZ3Y7KIRkQDLvjn22Ahn6qFb6UAlVM9Z2/W6E8MmZ5MbCOCW71xFWPHfD/aF69hXLBPOKKOadsfQGHRLlFipg55Qt8v2zAFqp6eqz9bR7Wk70zMtGwtg0YhlHYcZK2pfTrG0UowZtORTDCBgIxJArMxoyP1Pz52NxYO0Y1P005RU0Nbu4fH3mbLR2+iizgHuLPsF7Ffx0J2JnPmEM= customuser@b6184b8b9f4e\n"
            },
            "metadata_fingerprint": "kPeabBrKyk0=",
            "metadata_startup_script": null,
            "min_cpu_platform": "",
            "name": "optimizer",
            "network_interface": [
              {
                "access_config": [
                  {
                    "nat_ip": "34.17.104.109",
                    "network_tier": "PREMIUM",
                    "public_ptr_domain_name": ""
                  }
                ],
                "alias_ip_range": [],
                "internal_ipv6_prefix_length": 0,
                "ipv6_access_config": [],
                "ipv6_access_type": "",
                "ipv6_address": "",
                "name": "nic0",
                "network": "https://www.googleapis.com/compute/v1/projects/ai-at-edge-442215/global/networks/main-vpc",
                "network_ip": "10.0.1.12",
                "nic_type": "",
                "queue_count": 0,
                "stack_type": "IPV4_ONLY",
                "subnetwork": "https://www.googleapis.com/compute/v1/projects/ai-at-edge-442215/regions/europe-west12/subnetworks/main-subnet",
                "subnetwork_project": "ai-at-edge-442215"
              }
            ],
            "network_performance_config": [],
            "params": [],
            "project": "ai-at-edge-442215",
            "reservation_affinity": [],
            "resource_policies": null,
            "scheduling": [
              {
                "automatic_restart": true,
                "instance_termination_action": "",
                "local_ssd_recovery_timeout": [],
                "max_run_duration": [],
                "min_node_cpus": 0,
                "node_affinities": [],
                "on_host_maintenance": "MIGRATE",
                "on_instance_stop_action": [],
                "preemptible": false,
                "provisioning_model": "STANDARD"
              }
            ],
            "scratch_disk": [],
            "self_link": "https://www.googleapis.com/compute/v1/projects/ai-at-edge-442215/zones/europe-west12-c/instances/optimizer",
            "service_account": [],
            "shielded_instance_config": [
              {
                "enable_integrity_monitoring": true,
                "enable_secure_boot": false,
                "enable_vtpm": true
              }
            ],
            "tags": null,
            "tags_fingerprint": "42WmSpB8rSM=",
            "terraform_labels": {
              "goog-terraform-provisioned": "true"
            },
            "timeouts": null,
            "zone": "europe-west12-c"
          },
          "sensitive_attributes": [
            [
              {
                "type": "get_attr",
                "value": "boot_disk"
              },
              {
                "type": "index",
                "value": {
                  "value": 0,
                  "type": "number"
                }
              },
              {
                "type": "get_attr",
                "value": "disk_encryption_key_raw"
              }
            ]
          ],
          "private": "eyJlMmJmYjczMC1lY2FhLTExZTYtOGY4OC0zNDM2M2JjN2M0YzAiOnsiY3JlYXRlIjoxMjAwMDAwMDAwMDAwLCJkZWxldGUiOjEyMDAwMDAwMDAwMDAsInVwZGF0ZSI6MTIwMDAwMDAwMDAwMH0sInNjaGVtYV92ZXJzaW9uIjoiNiJ9",
          "dependencies": [
            "google_compute_network.main_vpc",
            "google_compute_subnetwork.main_subnet"
          ]
        },
        {
          "index_key": 2,
          "schema_version": 6,
          "attributes": {
            "advanced_machine_features": [],
            "allow_stopping_for_update": null,
            "attached_disk": [],
            "boot_disk": [
              {
                "auto_delete": true,
                "device_name": "persistent-disk-0",
                "disk_encryption_key_raw": "",
                "disk_encryption_key_sha256": "",
                "initialize_params": [
                  {
                    "enable_confidential_compute": false,
                    "image": "https://www.googleapis.com/compute/v1/projects/ai-at-edge-442215/global/images/project-image",
                    "labels": {},
                    "provisioned_iops": 0,
                    "provisioned_throughput": 0,
                    "resource_manager_tags": null,
                    "resource_policies": [],
                    "size": 10,
                    "storage_pool": "",
                    "type": "pd-standard"
                  }
                ],
                "interface": "",
                "kms_key_self_link": "",
                "mode": "READ_WRITE",
                "source": "https://www.googleapis.com/compute/v1/projects/ai-at-edge-442215/zones/europe-west12-c/disks/model-manager"
              }
            ],
            "can_ip_forward": false,
            "confidential_instance_config": [],
            "cpu_platform": "Intel Broadwell",
            "current_status": "RUNNING",
            "deletion_protection": false,
            "description": "",
            "desired_status": null,
            "effective_labels": {
              "goog-terraform-provisioned": "true"
            },
            "enable_display": false,
            "guest_accelerator": [],
            "hostname": "",
            "id": "projects/ai-at-edge-442215/zones/europe-west12-c/instances/model-manager",
            "instance_id": "8901811012492955641",
            "label_fingerprint": "vezUS-42LLM=",
            "labels": null,
            "machine_type": "e2-standard-2",
            "metadata": {
              "ssh-keys": "google:ssh-rsa AAAAB3NzaC1yc2EAAAADAQABAAABgQDJyNsUTwzUbrGQDm0dwLKa9LR2WQmnUrqZTaFWROEpA+rn9GwUlVOIVnXpzENHifIqc/Sx1WBqPjR3uQMpxACJ9u4RofPcT2PYaoApfZVKdYap6WGKgKXtUaVgumBkIIXJhbZHbrdVTMTpoylHe77cReGWYkDlrMZVGBhbb5GCaLm+p/o9MEggBy9Z+YnjTjiMXKRkbQiTcFZR7g+sY/V8mhAUp5CpVMLpxb+Tu3ubQSaFOBSj9Zt3mNTdfEavttlWD1Rx5RPqyKTOpwrLvK8lxTRmN/PnzGZdawtMyQNGOTJEYDpZ3Y7KIRkQDLvjn22Ahn6qFb6UAlVM9Z2/W6E8MmZ5MbCOCW71xFWPHfD/aF69hXLBPOKKOadsfQGHRLlFipg55Qt8v2zAFqp6eqz9bR7Wk70zMtGwtg0YhlHYcZK2pfTrG0UowZtORTDCBgIxJArMxoyP1Pz52NxYO0Y1P005RU0Nbu4fH3mbLR2+iizgHuLPsF7Ffx0J2JnPmEM= customuser@b6184b8b9f4e\n"
            },
            "metadata_fingerprint": "kPeabBrKyk0=",
            "metadata_startup_script": null,
            "min_cpu_platform": "",
            "name": "model-manager",
            "network_interface": [
              {
                "access_config": [
                  {
                    "nat_ip": "34.17.78.98",
                    "network_tier": "PREMIUM",
                    "public_ptr_domain_name": ""
                  }
                ],
                "alias_ip_range": [],
                "internal_ipv6_prefix_length": 0,
                "ipv6_access_config": [],
                "ipv6_access_type": "",
                "ipv6_address": "",
                "name": "nic0",
                "network": "https://www.googleapis.com/compute/v1/projects/ai-at-edge-442215/global/networks/main-vpc",
                "network_ip": "10.0.1.13",
                "nic_type": "",
                "queue_count": 0,
                "stack_type": "IPV4_ONLY",
                "subnetwork": "https://www.googleapis.com/compute/v1/projects/ai-at-edge-442215/regions/europe-west12/subnetworks/main-subnet",
                "subnetwork_project": "ai-at-edge-442215"
              }
            ],
            "network_performance_config": [],
            "params": [],
            "project": "ai-at-edge-442215",
            "reservation_affinity": [],
            "resource_policies": null,
            "scheduling": [
              {
                "automatic_restart": true,
                "instance_termination_action": "",
                "local_ssd_recovery_timeout": [],
                "max_run_duration": [],
                "min_node_cpus": 0,
                "node_affinities": [],
                "on_host_maintenance": "MIGRATE",
                "on_instance_stop_action": [],
                "preemptible": false,
                "provisioning_model": "STANDARD"
              }
            ],
            "scratch_disk": [],
            "self_link": "https://www.googleapis.com/compute/v1/projects/ai-at-edge-442215/zones/europe-west12-c/instances/model-manager",
            "service_account": [],
            "shielded_instance_config": [
              {
                "enable_integrity_monitoring": true,
                "enable_secure_boot": false,
                "enable_vtpm": true
              }
            ],
            "tags": null,
            "tags_fingerprint": "42WmSpB8rSM=",
            "terraform_labels": {
              "goog-terraform-provisioned": "true"
            },
            "timeouts": null,
            "zone": "europe-west12-c"
          },
          "sensitive_attributes": [
            [
              {
                "type": "get_attr",
                "value": "boot_disk"
              },
              {
                "type": "index",
                "value": {
                  "value": 0,
                  "type": "number"
                }
              },
              {
                "type": "get_attr",
                "value": "disk_encryption_key_raw"
              }
            ]
          ],
          "private": "eyJlMmJmYjczMC1lY2FhLTExZTYtOGY4OC0zNDM2M2JjN2M0YzAiOnsiY3JlYXRlIjoxMjAwMDAwMDAwMDAwLCJkZWxldGUiOjEyMDAwMDAwMDAwMDAsInVwZGF0ZSI6MTIwMDAwMDAwMDAwMH0sInNjaGVtYV92ZXJzaW9uIjoiNiJ9",
          "dependencies": [
            "google_compute_network.main_vpc",
            "google_compute_subnetwork.main_subnet"
          ]
        },
        {
          "index_key": 3,
          "schema_version": 6,
          "attributes": {
            "advanced_machine_features": [],
            "allow_stopping_for_update": null,
            "attached_disk": [],
            "boot_disk": [
              {
                "auto_delete": true,
                "device_name": "persistent-disk-0",
                "disk_encryption_key_raw": "",
                "disk_encryption_key_sha256": "",
                "initialize_params": [
                  {
                    "enable_confidential_compute": false,
                    "image": "https://www.googleapis.com/compute/v1/projects/ai-at-edge-442215/global/images/project-image",
                    "labels": {},
                    "provisioned_iops": 0,
                    "provisioned_throughput": 0,
                    "resource_manager_tags": null,
                    "resource_policies": [],
                    "size": 10,
                    "storage_pool": "",
                    "type": "pd-standard"
                  }
                ],
                "interface": "",
                "kms_key_self_link": "",
                "mode": "READ_WRITE",
                "source": "https://www.googleapis.com/compute/v1/projects/ai-at-edge-442215/zones/europe-west12-c/disks/device"
              }
            ],
            "can_ip_forward": false,
            "confidential_instance_config": [],
            "cpu_platform": "Intel Broadwell",
            "current_status": "RUNNING",
            "deletion_protection": false,
            "description": "",
            "desired_status": null,
            "effective_labels": {
              "goog-terraform-provisioned": "true"
            },
            "enable_display": false,
            "guest_accelerator": [],
            "hostname": "",
            "id": "projects/ai-at-edge-442215/zones/europe-west12-c/instances/device",
            "instance_id": "1444246549538115576",
            "label_fingerprint": "vezUS-42LLM=",
            "labels": null,
            "machine_type": "e2-standard-2",
            "metadata": {
              "ssh-keys": "google:ssh-rsa AAAAB3NzaC1yc2EAAAADAQABAAABgQDJyNsUTwzUbrGQDm0dwLKa9LR2WQmnUrqZTaFWROEpA+rn9GwUlVOIVnXpzENHifIqc/Sx1WBqPjR3uQMpxACJ9u4RofPcT2PYaoApfZVKdYap6WGKgKXtUaVgumBkIIXJhbZHbrdVTMTpoylHe77cReGWYkDlrMZVGBhbb5GCaLm+p/o9MEggBy9Z+YnjTjiMXKRkbQiTcFZR7g+sY/V8mhAUp5CpVMLpxb+Tu3ubQSaFOBSj9Zt3mNTdfEavttlWD1Rx5RPqyKTOpwrLvK8lxTRmN/PnzGZdawtMyQNGOTJEYDpZ3Y7KIRkQDLvjn22Ahn6qFb6UAlVM9Z2/W6E8MmZ5MbCOCW71xFWPHfD/aF69hXLBPOKKOadsfQGHRLlFipg55Qt8v2zAFqp6eqz9bR7Wk70zMtGwtg0YhlHYcZK2pfTrG0UowZtORTDCBgIxJArMxoyP1Pz52NxYO0Y1P005RU0Nbu4fH3mbLR2+iizgHuLPsF7Ffx0J2JnPmEM= customuser@b6184b8b9f4e\n"
            },
            "metadata_fingerprint": "kPeabBrKyk0=",
            "metadata_startup_script": null,
            "min_cpu_platform": "",
            "name": "device",
            "network_interface": [
              {
                "access_config": [
                  {
                    "nat_ip": "34.17.91.19",
                    "network_tier": "PREMIUM",
                    "public_ptr_domain_name": ""
                  }
                ],
                "alias_ip_range": [],
                "internal_ipv6_prefix_length": 0,
                "ipv6_access_config": [],
                "ipv6_access_type": "",
                "ipv6_address": "",
                "name": "nic0",
                "network": "https://www.googleapis.com/compute/v1/projects/ai-at-edge-442215/global/networks/main-vpc",
                "network_ip": "10.0.1.14",
                "nic_type": "",
                "queue_count": 0,
                "stack_type": "IPV4_ONLY",
                "subnetwork": "https://www.googleapis.com/compute/v1/projects/ai-at-edge-442215/regions/europe-west12/subnetworks/main-subnet",
                "subnetwork_project": "ai-at-edge-442215"
              }
            ],
            "network_performance_config": [],
            "params": [],
            "project": "ai-at-edge-442215",
            "reservation_affinity": [],
            "resource_policies": null,
            "scheduling": [
              {
                "automatic_restart": true,
                "instance_termination_action": "",
                "local_ssd_recovery_timeout": [],
                "max_run_duration": [],
                "min_node_cpus": 0,
                "node_affinities": [],
                "on_host_maintenance": "MIGRATE",
                "on_instance_stop_action": [],
                "preemptible": false,
                "provisioning_model": "STANDARD"
              }
            ],
            "scratch_disk": [],
            "self_link": "https://www.googleapis.com/compute/v1/projects/ai-at-edge-442215/zones/europe-west12-c/instances/device",
            "service_account": [],
            "shielded_instance_config": [
              {
                "enable_integrity_monitoring": true,
                "enable_secure_boot": false,
                "enable_vtpm": true
              }
            ],
            "tags": null,
            "tags_fingerprint": "42WmSpB8rSM=",
            "terraform_labels": {
              "goog-terraform-provisioned": "true"
            },
            "timeouts": null,
            "zone": "europe-west12-c"
          },
          "sensitive_attributes": [
            [
              {
                "type": "get_attr",
                "value": "boot_disk"
              },
              {
                "type": "index",
                "value": {
                  "value": 0,
                  "type": "number"
                }
              },
              {
                "type": "get_attr",
                "value": "disk_encryption_key_raw"
              }
            ]
          ],
          "private": "eyJlMmJmYjczMC1lY2FhLTExZTYtOGY4OC0zNDM2M2JjN2M0YzAiOnsiY3JlYXRlIjoxMjAwMDAwMDAwMDAwLCJkZWxldGUiOjEyMDAwMDAwMDAwMDAsInVwZGF0ZSI6MTIwMDAwMDAwMDAwMH0sInNjaGVtYV92ZXJzaW9uIjoiNiJ9",
          "dependencies": [
            "google_compute_network.main_vpc",
            "google_compute_subnetwork.main_subnet"
          ]
        },
        {
          "index_key": 4,
          "schema_version": 6,
          "attributes": {
            "advanced_machine_features": [],
            "allow_stopping_for_update": null,
            "attached_disk": [],
            "boot_disk": [
              {
                "auto_delete": true,
                "device_name": "persistent-disk-0",
                "disk_encryption_key_raw": "",
                "disk_encryption_key_sha256": "",
                "initialize_params": [
                  {
                    "enable_confidential_compute": false,
                    "image": "https://www.googleapis.com/compute/v1/projects/ai-at-edge-442215/global/images/project-image",
                    "labels": {},
                    "provisioned_iops": 0,
                    "provisioned_throughput": 0,
                    "resource_manager_tags": null,
                    "resource_policies": [],
                    "size": 10,
                    "storage_pool": "",
                    "type": "pd-standard"
                  }
                ],
                "interface": "",
                "kms_key_self_link": "",
                "mode": "READ_WRITE",
                "source": "https://www.googleapis.com/compute/v1/projects/ai-at-edge-442215/zones/europe-west12-c/disks/server-1"
              }
            ],
            "can_ip_forward": false,
            "confidential_instance_config": [],
            "cpu_platform": "Intel Broadwell",
            "current_status": "RUNNING",
            "deletion_protection": false,
            "description": "",
            "desired_status": null,
            "effective_labels": {
              "goog-terraform-provisioned": "true"
            },
            "enable_display": false,
            "guest_accelerator": [],
            "hostname": "",
            "id": "projects/ai-at-edge-442215/zones/europe-west12-c/instances/server-1",
            "instance_id": "2494504299817439224",
            "label_fingerprint": "vezUS-42LLM=",
            "labels": null,
            "machine_type": "e2-standard-2",
            "metadata": {
              "ssh-keys": "google:ssh-rsa AAAAB3NzaC1yc2EAAAADAQABAAABgQDJyNsUTwzUbrGQDm0dwLKa9LR2WQmnUrqZTaFWROEpA+rn9GwUlVOIVnXpzENHifIqc/Sx1WBqPjR3uQMpxACJ9u4RofPcT2PYaoApfZVKdYap6WGKgKXtUaVgumBkIIXJhbZHbrdVTMTpoylHe77cReGWYkDlrMZVGBhbb5GCaLm+p/o9MEggBy9Z+YnjTjiMXKRkbQiTcFZR7g+sY/V8mhAUp5CpVMLpxb+Tu3ubQSaFOBSj9Zt3mNTdfEavttlWD1Rx5RPqyKTOpwrLvK8lxTRmN/PnzGZdawtMyQNGOTJEYDpZ3Y7KIRkQDLvjn22Ahn6qFb6UAlVM9Z2/W6E8MmZ5MbCOCW71xFWPHfD/aF69hXLBPOKKOadsfQGHRLlFipg55Qt8v2zAFqp6eqz9bR7Wk70zMtGwtg0YhlHYcZK2pfTrG0UowZtORTDCBgIxJArMxoyP1Pz52NxYO0Y1P005RU0Nbu4fH3mbLR2+iizgHuLPsF7Ffx0J2JnPmEM= customuser@b6184b8b9f4e\n"
            },
            "metadata_fingerprint": "kPeabBrKyk0=",
            "metadata_startup_script": null,
            "min_cpu_platform": "",
            "name": "server-1",
            "network_interface": [
              {
                "access_config": [
                  {
                    "nat_ip": "34.17.99.84",
                    "network_tier": "PREMIUM",
                    "public_ptr_domain_name": ""
                  }
                ],
                "alias_ip_range": [],
                "internal_ipv6_prefix_length": 0,
                "ipv6_access_config": [],
                "ipv6_access_type": "",
                "ipv6_address": "",
                "name": "nic0",
                "network": "https://www.googleapis.com/compute/v1/projects/ai-at-edge-442215/global/networks/main-vpc",
                "network_ip": "10.0.1.15",
                "nic_type": "",
                "queue_count": 0,
                "stack_type": "IPV4_ONLY",
                "subnetwork": "https://www.googleapis.com/compute/v1/projects/ai-at-edge-442215/regions/europe-west12/subnetworks/main-subnet",
                "subnetwork_project": "ai-at-edge-442215"
              }
            ],
            "network_performance_config": [],
            "params": [],
            "project": "ai-at-edge-442215",
            "reservation_affinity": [],
            "resource_policies": null,
            "scheduling": [
              {
                "automatic_restart": true,
                "instance_termination_action": "",
                "local_ssd_recovery_timeout": [],
                "max_run_duration": [],
                "min_node_cpus": 0,
                "node_affinities": [],
                "on_host_maintenance": "MIGRATE",
                "on_instance_stop_action": [],
                "preemptible": false,
                "provisioning_model": "STANDARD"
              }
            ],
            "scratch_disk": [],
            "self_link": "https://www.googleapis.com/compute/v1/projects/ai-at-edge-442215/zones/europe-west12-c/instances/server-1",
            "service_account": [],
            "shielded_instance_config": [
              {
                "enable_integrity_monitoring": true,
                "enable_secure_boot": false,
                "enable_vtpm": true
              }
            ],
            "tags": null,
            "tags_fingerprint": "42WmSpB8rSM=",
            "terraform_labels": {
              "goog-terraform-provisioned": "true"
            },
            "timeouts": null,
            "zone": "europe-west12-c"
          },
          "sensitive_attributes": [
            [
              {
                "type": "get_attr",
                "value": "boot_disk"
              },
              {
                "type": "index",
                "value": {
                  "value": 0,
                  "type": "number"
                }
              },
              {
                "type": "get_attr",
                "value": "disk_encryption_key_raw"
              }
            ]
          ],
          "private": "eyJlMmJmYjczMC1lY2FhLTExZTYtOGY4OC0zNDM2M2JjN2M0YzAiOnsiY3JlYXRlIjoxMjAwMDAwMDAwMDAwLCJkZWxldGUiOjEyMDAwMDAwMDAwMDAsInVwZGF0ZSI6MTIwMDAwMDAwMDAwMH0sInNjaGVtYV92ZXJzaW9uIjoiNiJ9",
          "dependencies": [
            "google_compute_network.main_vpc",
            "google_compute_subnetwork.main_subnet"
          ]
        }
      ]
    },
    {
      "mode": "managed",
      "type": "google_compute_network",
      "name": "main_vpc",
      "provider": "provider[\"registry.terraform.io/hashicorp/google\"]",
      "instances": [
        {
          "schema_version": 0,
          "attributes": {
            "auto_create_subnetworks": false,
            "delete_default_routes_on_create": false,
            "description": "",
            "enable_ula_internal_ipv6": false,
            "gateway_ipv4": "",
            "id": "projects/ai-at-edge-442215/global/networks/main-vpc",
            "internal_ipv6_range": "",
            "mtu": 0,
            "name": "main-vpc",
            "network_firewall_policy_enforcement_order": "AFTER_CLASSIC_FIREWALL",
            "numeric_id": "3770434647034269192",
            "project": "ai-at-edge-442215",
            "routing_mode": "REGIONAL",
            "self_link": "https://www.googleapis.com/compute/v1/projects/ai-at-edge-442215/global/networks/main-vpc",
            "timeouts": null
          },
          "sensitive_attributes": [],
          "private": "eyJlMmJmYjczMC1lY2FhLTExZTYtOGY4OC0zNDM2M2JjN2M0YzAiOnsiY3JlYXRlIjoxMjAwMDAwMDAwMDAwLCJkZWxldGUiOjEyMDAwMDAwMDAwMDAsInVwZGF0ZSI6MTIwMDAwMDAwMDAwMH19"
        }
      ]
    },
    {
      "mode": "managed",
      "type": "google_compute_subnetwork",
      "name": "main_subnet",
      "provider": "provider[\"registry.terraform.io/hashicorp/google\"]",
      "instances": [
        {
          "schema_version": 0,
          "attributes": {
            "creation_timestamp": "2025-03-23T09:04:14.966-07:00",
            "description": "",
            "external_ipv6_prefix": "",
            "fingerprint": null,
            "gateway_address": "10.0.1.1",
            "id": "projects/ai-at-edge-442215/regions/europe-west12/subnetworks/main-subnet",
            "internal_ipv6_prefix": "",
            "ip_cidr_range": "10.0.1.0/24",
            "ipv6_access_type": "",
            "ipv6_cidr_range": "",
            "log_config": [],
            "name": "main-subnet",
            "network": "https://www.googleapis.com/compute/v1/projects/ai-at-edge-442215/global/networks/main-vpc",
            "private_ip_google_access": false,
            "private_ipv6_google_access": "DISABLE_GOOGLE_ACCESS",
            "project": "ai-at-edge-442215",
            "purpose": "PRIVATE",
            "region": "europe-west12",
            "reserved_internal_range": "",
            "role": "",
            "secondary_ip_range": [],
            "self_link": "https://www.googleapis.com/compute/v1/projects/ai-at-edge-442215/regions/europe-west12/subnetworks/main-subnet",
            "send_secondary_ip_range_if_empty": null,
            "stack_type": "IPV4_ONLY",
            "timeouts": null
          },
          "sensitive_attributes": [],
          "private": "eyJlMmJmYjczMC1lY2FhLTExZTYtOGY4OC0zNDM2M2JjN2M0YzAiOnsiY3JlYXRlIjoxMjAwMDAwMDAwMDAwLCJkZWxldGUiOjEyMDAwMDAwMDAwMDAsInVwZGF0ZSI6MTIwMDAwMDAwMDAwMH19",
          "dependencies": [
            "google_compute_network.main_vpc"
          ]
        }
      ]
    }
  ],
  "check_results": null
}
