{
  "version": 4,
  "terraform_version": "1.12.1",
  "serial": 1151,
  "lineage": "98de9673-7c2d-bd2f-66d4-c6a4302eb72f",
  "outputs": {},
  "resources": [
    {
      "mode": "managed",
      "type": "google_compute_firewall",
      "name": "allow_internal_egress",
      "provider": "provider[\"registry.terraform.io/hashicorp/google\"]",
      "instances": [
        {
          "schema_version": 1,
          "attributes": {
            "allow": [
              {
                "ports": [
                  "0-65535"
                ],
                "protocol": "tcp"
              },
              {
                "ports": [
                  "0-65535"
                ],
                "protocol": "udp"
              },
              {
                "ports": [],
                "protocol": "icmp"
              }
            ],
            "creation_timestamp": "2025-06-15T02:27:38.650-07:00",
            "deny": [],
            "description": "",
            "destination_ranges": [
              "10.0.1.0/24"
            ],
            "direction": "EGRESS",
            "disabled": false,
            "enable_logging": null,
            "id": "projects/ai-at-edge-442215/global/firewalls/allow-internal-egress",
            "log_config": [],
            "name": "allow-internal-egress",
            "network": "https://www.googleapis.com/compute/v1/projects/ai-at-edge-442215/global/networks/main-vpc",
            "priority": 1000,
            "project": "ai-at-edge-442215",
            "self_link": "https://www.googleapis.com/compute/v1/projects/ai-at-edge-442215/global/firewalls/allow-internal-egress",
            "source_ranges": null,
            "source_service_accounts": null,
            "source_tags": null,
            "target_service_accounts": null,
            "target_tags": null,
            "timeouts": null
          },
          "sensitive_attributes": [],
          "identity_schema_version": 0,
          "private": "eyJlMmJmYjczMC1lY2FhLTExZTYtOGY4OC0zNDM2M2JjN2M0YzAiOnsiY3JlYXRlIjoxMjAwMDAwMDAwMDAwLCJkZWxldGUiOjEyMDAwMDAwMDAwMDAsInVwZGF0ZSI6MTIwMDAwMDAwMDAwMH0sInNjaGVtYV92ZXJzaW9uIjoiMSJ9",
          "dependencies": [
            "google_compute_network.main_vpc"
          ]
        }
      ]
    },
    {
      "mode": "managed",
      "type": "google_compute_firewall",
      "name": "allow_internal_traffic",
      "provider": "provider[\"registry.terraform.io/hashicorp/google\"]",
      "instances": [
        {
          "schema_version": 1,
          "attributes": {
            "allow": [
              {
                "ports": [
                  "0-65535"
                ],
                "protocol": "tcp"
              },
              {
                "ports": [
                  "0-65535"
                ],
                "protocol": "udp"
              },
              {
                "ports": [],
                "protocol": "icmp"
              }
            ],
            "creation_timestamp": "2025-06-15T02:27:38.938-07:00",
            "deny": [],
            "description": "",
            "destination_ranges": [],
            "direction": "INGRESS",
            "disabled": false,
            "enable_logging": null,
            "id": "projects/ai-at-edge-442215/global/firewalls/allow-internal-traffic",
            "log_config": [],
            "name": "allow-internal-traffic",
            "network": "https://www.googleapis.com/compute/v1/projects/ai-at-edge-442215/global/networks/main-vpc",
            "priority": 1000,
            "project": "ai-at-edge-442215",
            "self_link": "https://www.googleapis.com/compute/v1/projects/ai-at-edge-442215/global/firewalls/allow-internal-traffic",
            "source_ranges": [
              "10.0.1.0/24"
            ],
            "source_service_accounts": null,
            "source_tags": null,
            "target_service_accounts": null,
            "target_tags": null,
            "timeouts": null
          },
          "sensitive_attributes": [],
          "identity_schema_version": 0,
          "private": "eyJlMmJmYjczMC1lY2FhLTExZTYtOGY4OC0zNDM2M2JjN2M0YzAiOnsiY3JlYXRlIjoxMjAwMDAwMDAwMDAwLCJkZWxldGUiOjEyMDAwMDAwMDAwMDAsInVwZGF0ZSI6MTIwMDAwMDAwMDAwMH0sInNjaGVtYV92ZXJzaW9uIjoiMSJ9",
          "dependencies": [
            "google_compute_network.main_vpc"
          ]
        }
      ]
    },
    {
      "mode": "managed",
      "type": "google_compute_firewall",
      "name": "allow_ssh",
      "provider": "provider[\"registry.terraform.io/hashicorp/google\"]",
      "instances": [
        {
          "schema_version": 1,
          "attributes": {
            "allow": [
              {
                "ports": [
                  "22"
                ],
                "protocol": "tcp"
              }
            ],
            "creation_timestamp": "2025-06-15T02:27:38.874-07:00",
            "deny": [],
            "description": "",
            "destination_ranges": [],
            "direction": "INGRESS",
            "disabled": false,
            "enable_logging": null,
            "id": "projects/ai-at-edge-442215/global/firewalls/allow-ssh",
            "log_config": [],
            "name": "allow-ssh",
            "network": "https://www.googleapis.com/compute/v1/projects/ai-at-edge-442215/global/networks/main-vpc",
            "priority": 1000,
            "project": "ai-at-edge-442215",
            "self_link": "https://www.googleapis.com/compute/v1/projects/ai-at-edge-442215/global/firewalls/allow-ssh",
            "source_ranges": [
              "0.0.0.0/0"
            ],
            "source_service_accounts": null,
            "source_tags": null,
            "target_service_accounts": null,
            "target_tags": null,
            "timeouts": null
          },
          "sensitive_attributes": [],
          "identity_schema_version": 0,
          "private": "eyJlMmJmYjczMC1lY2FhLTExZTYtOGY4OC0zNDM2M2JjN2M0YzAiOnsiY3JlYXRlIjoxMjAwMDAwMDAwMDAwLCJkZWxldGUiOjEyMDAwMDAwMDAwMDAsInVwZGF0ZSI6MTIwMDAwMDAwMDAwMH0sInNjaGVtYV92ZXJzaW9uIjoiMSJ9",
          "dependencies": [
            "google_compute_network.main_vpc"
          ]
        }
      ]
    },
    {
      "mode": "managed",
      "type": "google_compute_instance",
      "name": "vm_instances",
      "provider": "provider[\"registry.terraform.io/hashicorp/google\"]",
      "instances": [
        {
          "index_key": 0,
          "schema_version": 6,
          "attributes": {
            "advanced_machine_features": [],
            "allow_stopping_for_update": null,
            "attached_disk": [],
            "boot_disk": [
              {
                "auto_delete": true,
                "device_name": "persistent-disk-0",
                "disk_encryption_key_raw": "",
                "disk_encryption_key_sha256": "",
                "initialize_params": [
                  {
                    "enable_confidential_compute": false,
                    "image": "https://www.googleapis.com/compute/v1/projects/ai-at-edge-442215/global/images/simone-image-6",
                    "labels": {},
                    "provisioned_iops": 0,
                    "provisioned_throughput": 0,
                    "resource_manager_tags": null,
                    "resource_policies": [],
                    "size": 75,
                    "storage_pool": "",
                    "type": "pd-standard"
                  }
                ],
                "interface": "",
                "kms_key_self_link": "",
                "mode": "READ_WRITE",
                "source": "https://www.googleapis.com/compute/v1/projects/ai-at-edge-442215/zones/europe-west3-b/disks/registry"
              }
            ],
            "can_ip_forward": false,
            "confidential_instance_config": [],
            "cpu_platform": "Intel Cascade Lake",
            "current_status": "RUNNING",
            "deletion_protection": false,
            "description": "",
            "desired_status": null,
            "effective_labels": {
              "goog-terraform-provisioned": "true"
            },
            "enable_display": false,
            "guest_accelerator": [],
            "hostname": "",
            "id": "projects/ai-at-edge-442215/zones/europe-west3-b/instances/registry",
            "instance_id": "172492078723574988",
            "label_fingerprint": "vezUS-42LLM=",
            "labels": null,
            "machine_type": "n2-standard-8",
            "metadata": {
              "ssh-keys": "customuser:ssh-rsa AAAAB3NzaC1yc2EAAAADAQABAAABgQDUpzmPJ1MQkcfSs6i5RuO5+BR3lPRtky2y+H+zzKX9zgLqq1w+VSIw8aoXW0UmtN1vkD0zbawt8NNbH6p+2kTiuqRhGEmp0wOcchjnt/VPVikOpMUq0s3/Qqjp+qt7/VXTme28Mpa5UgqImL+cJH9eEO8GYr3hfhIPl2sISpSJVbUTa+/KoPcKs2nHPond0B49zANM+WdwRtS5DASyTur0UsUeQLfG/sfnnGf3sr+EqYud05NfyaZ4kkRxJC8KMBcltZfLtMpqpu7/M82DveK4eL7dW2iWPhtR7rfw84FI3xnQDNbGn10FmsBeYEA5ZXYS7laScqiCjliy1arJf+tE/wqpP24KtNHc7ZTH9UzP0idCoXkTZIh4s3YzA5DJk0NZJis/9WMoP7NxETGzBZqyBEON1QIHldWZWo6lFCdrT5BX/74nNOitzW6vF62K8RyloR74H9ca209Ejh98hMgHzjn/aPGpL5USDuSgtWSZ+xQLTmtWgldo6zVDJSY8VlE= customuser@470c1e476f50\n"
            },
            "metadata_fingerprint": "yVuKOHv94PM=",
            "metadata_startup_script": null,
            "min_cpu_platform": "",
            "name": "registry",
            "network_interface": [
              {
                "access_config": [
                  {
                    "nat_ip": "34.159.164.128",
                    "network_tier": "PREMIUM",
                    "public_ptr_domain_name": ""
                  }
                ],
                "alias_ip_range": [],
                "internal_ipv6_prefix_length": 0,
                "ipv6_access_config": [],
                "ipv6_access_type": "",
                "ipv6_address": "",
                "name": "nic0",
                "network": "https://www.googleapis.com/compute/v1/projects/ai-at-edge-442215/global/networks/main-vpc",
                "network_ip": "10.0.1.11",
                "nic_type": "",
                "queue_count": 0,
                "stack_type": "IPV4_ONLY",
                "subnetwork": "https://www.googleapis.com/compute/v1/projects/ai-at-edge-442215/regions/europe-west3/subnetworks/main-subnet",
                "subnetwork_project": "ai-at-edge-442215"
              }
            ],
            "network_performance_config": [],
            "params": [],
            "project": "ai-at-edge-442215",
            "reservation_affinity": [],
            "resource_policies": null,
            "scheduling": [
              {
                "automatic_restart": false,
                "instance_termination_action": "",
                "local_ssd_recovery_timeout": [],
                "max_run_duration": [],
                "min_node_cpus": 0,
                "node_affinities": [],
                "on_host_maintenance": "MIGRATE",
                "on_instance_stop_action": [],
                "preemptible": false,
                "provisioning_model": "STANDARD"
              }
            ],
            "scratch_disk": [],
            "self_link": "https://www.googleapis.com/compute/v1/projects/ai-at-edge-442215/zones/europe-west3-b/instances/registry",
            "service_account": [],
            "shielded_instance_config": [
              {
                "enable_integrity_monitoring": true,
                "enable_secure_boot": false,
                "enable_vtpm": true
              }
            ],
            "tags": null,
            "tags_fingerprint": "42WmSpB8rSM=",
            "terraform_labels": {
              "goog-terraform-provisioned": "true"
            },
            "timeouts": null,
            "zone": "europe-west3-b"
          },
          "sensitive_attributes": [
            [
              {
                "type": "get_attr",
                "value": "boot_disk"
              },
              {
                "type": "index",
                "value": {
                  "value": 0,
                  "type": "number"
                }
              },
              {
                "type": "get_attr",
                "value": "disk_encryption_key_raw"
              }
            ]
          ],
          "identity_schema_version": 0,
          "private": "eyJlMmJmYjczMC1lY2FhLTExZTYtOGY4OC0zNDM2M2JjN2M0YzAiOnsiY3JlYXRlIjoxMjAwMDAwMDAwMDAwLCJkZWxldGUiOjEyMDAwMDAwMDAwMDAsInVwZGF0ZSI6MTIwMDAwMDAwMDAwMH0sInNjaGVtYV92ZXJzaW9uIjoiNiJ9",
          "dependencies": [
            "google_compute_network.main_vpc",
            "google_compute_subnetwork.main_subnet"
          ]
        },
        {
          "index_key": 1,
          "schema_version": 6,
          "attributes": {
            "advanced_machine_features": [],
            "allow_stopping_for_update": null,
            "attached_disk": [],
            "boot_disk": [
              {
                "auto_delete": true,
                "device_name": "persistent-disk-0",
                "disk_encryption_key_raw": "",
                "disk_encryption_key_sha256": "",
                "initialize_params": [
                  {
                    "enable_confidential_compute": false,
                    "image": "https://www.googleapis.com/compute/v1/projects/ai-at-edge-442215/global/images/simone-image-6",
                    "labels": {},
                    "provisioned_iops": 0,
                    "provisioned_throughput": 0,
                    "resource_manager_tags": null,
                    "resource_policies": [],
                    "size": 75,
                    "storage_pool": "",
                    "type": "pd-standard"
                  }
                ],
                "interface": "",
                "kms_key_self_link": "",
                "mode": "READ_WRITE",
                "source": "https://www.googleapis.com/compute/v1/projects/ai-at-edge-442215/zones/europe-west3-b/disks/optimizer"
              }
            ],
            "can_ip_forward": false,
            "confidential_instance_config": [],
            "cpu_platform": "Intel Cascade Lake",
            "current_status": "RUNNING",
            "deletion_protection": false,
            "description": "",
            "desired_status": null,
            "effective_labels": {
              "goog-terraform-provisioned": "true"
            },
            "enable_display": false,
            "guest_accelerator": [],
            "hostname": "",
            "id": "projects/ai-at-edge-442215/zones/europe-west3-b/instances/optimizer",
            "instance_id": "593867579217620171",
            "label_fingerprint": "vezUS-42LLM=",
            "labels": null,
            "machine_type": "n2-standard-8",
            "metadata": {
              "ssh-keys": "customuser:ssh-rsa AAAAB3NzaC1yc2EAAAADAQABAAABgQDUpzmPJ1MQkcfSs6i5RuO5+BR3lPRtky2y+H+zzKX9zgLqq1w+VSIw8aoXW0UmtN1vkD0zbawt8NNbH6p+2kTiuqRhGEmp0wOcchjnt/VPVikOpMUq0s3/Qqjp+qt7/VXTme28Mpa5UgqImL+cJH9eEO8GYr3hfhIPl2sISpSJVbUTa+/KoPcKs2nHPond0B49zANM+WdwRtS5DASyTur0UsUeQLfG/sfnnGf3sr+EqYud05NfyaZ4kkRxJC8KMBcltZfLtMpqpu7/M82DveK4eL7dW2iWPhtR7rfw84FI3xnQDNbGn10FmsBeYEA5ZXYS7laScqiCjliy1arJf+tE/wqpP24KtNHc7ZTH9UzP0idCoXkTZIh4s3YzA5DJk0NZJis/9WMoP7NxETGzBZqyBEON1QIHldWZWo6lFCdrT5BX/74nNOitzW6vF62K8RyloR74H9ca209Ejh98hMgHzjn/aPGpL5USDuSgtWSZ+xQLTmtWgldo6zVDJSY8VlE= customuser@470c1e476f50\n"
            },
            "metadata_fingerprint": "yVuKOHv94PM=",
            "metadata_startup_script": null,
            "min_cpu_platform": "",
            "name": "optimizer",
            "network_interface": [
              {
                "access_config": [
                  {
                    "nat_ip": "34.40.86.123",
                    "network_tier": "PREMIUM",
                    "public_ptr_domain_name": ""
                  }
                ],
                "alias_ip_range": [],
                "internal_ipv6_prefix_length": 0,
                "ipv6_access_config": [],
                "ipv6_access_type": "",
                "ipv6_address": "",
                "name": "nic0",
                "network": "https://www.googleapis.com/compute/v1/projects/ai-at-edge-442215/global/networks/main-vpc",
                "network_ip": "10.0.1.12",
                "nic_type": "",
                "queue_count": 0,
                "stack_type": "IPV4_ONLY",
                "subnetwork": "https://www.googleapis.com/compute/v1/projects/ai-at-edge-442215/regions/europe-west3/subnetworks/main-subnet",
                "subnetwork_project": "ai-at-edge-442215"
              }
            ],
            "network_performance_config": [],
            "params": [],
            "project": "ai-at-edge-442215",
            "reservation_affinity": [],
            "resource_policies": null,
            "scheduling": [
              {
                "automatic_restart": false,
                "instance_termination_action": "",
                "local_ssd_recovery_timeout": [],
                "max_run_duration": [],
                "min_node_cpus": 0,
                "node_affinities": [],
                "on_host_maintenance": "MIGRATE",
                "on_instance_stop_action": [],
                "preemptible": false,
                "provisioning_model": "STANDARD"
              }
            ],
            "scratch_disk": [],
            "self_link": "https://www.googleapis.com/compute/v1/projects/ai-at-edge-442215/zones/europe-west3-b/instances/optimizer",
            "service_account": [],
            "shielded_instance_config": [
              {
                "enable_integrity_monitoring": true,
                "enable_secure_boot": false,
                "enable_vtpm": true
              }
            ],
            "tags": null,
            "tags_fingerprint": "42WmSpB8rSM=",
            "terraform_labels": {
              "goog-terraform-provisioned": "true"
            },
            "timeouts": null,
            "zone": "europe-west3-b"
          },
          "sensitive_attributes": [
            [
              {
                "type": "get_attr",
                "value": "boot_disk"
              },
              {
                "type": "index",
                "value": {
                  "value": 0,
                  "type": "number"
                }
              },
              {
                "type": "get_attr",
                "value": "disk_encryption_key_raw"
              }
            ]
          ],
          "identity_schema_version": 0,
          "private": "eyJlMmJmYjczMC1lY2FhLTExZTYtOGY4OC0zNDM2M2JjN2M0YzAiOnsiY3JlYXRlIjoxMjAwMDAwMDAwMDAwLCJkZWxldGUiOjEyMDAwMDAwMDAwMDAsInVwZGF0ZSI6MTIwMDAwMDAwMDAwMH0sInNjaGVtYV92ZXJzaW9uIjoiNiJ9",
          "dependencies": [
            "google_compute_network.main_vpc",
            "google_compute_subnetwork.main_subnet"
          ]
        },
        {
          "index_key": 2,
          "schema_version": 6,
          "attributes": {
            "advanced_machine_features": [],
            "allow_stopping_for_update": null,
            "attached_disk": [],
            "boot_disk": [
              {
                "auto_delete": true,
                "device_name": "persistent-disk-0",
                "disk_encryption_key_raw": "",
                "disk_encryption_key_sha256": "",
                "initialize_params": [
                  {
                    "enable_confidential_compute": false,
                    "image": "https://www.googleapis.com/compute/v1/projects/ai-at-edge-442215/global/images/simone-image-6",
                    "labels": {},
                    "provisioned_iops": 0,
                    "provisioned_throughput": 0,
                    "resource_manager_tags": null,
                    "resource_policies": [],
                    "size": 75,
                    "storage_pool": "",
                    "type": "pd-standard"
                  }
                ],
                "interface": "",
                "kms_key_self_link": "",
                "mode": "READ_WRITE",
                "source": "https://www.googleapis.com/compute/v1/projects/ai-at-edge-442215/zones/europe-west3-b/disks/model-manager"
              }
            ],
            "can_ip_forward": false,
            "confidential_instance_config": [],
            "cpu_platform": "Intel Broadwell",
            "current_status": "RUNNING",
            "deletion_protection": false,
            "description": "",
            "desired_status": null,
            "effective_labels": {
              "goog-terraform-provisioned": "true"
            },
            "enable_display": false,
            "guest_accelerator": [
              {
                "count": 1,
                "type": "https://www.googleapis.com/compute/v1/projects/ai-at-edge-442215/zones/europe-west3-b/acceleratorTypes/nvidia-tesla-t4"
              }
            ],
            "hostname": "",
            "id": "projects/ai-at-edge-442215/zones/europe-west3-b/instances/model-manager",
            "instance_id": "7555687628170013900",
            "label_fingerprint": "vezUS-42LLM=",
            "labels": null,
            "machine_type": "n1-standard-8",
            "metadata": {
              "ssh-keys": "customuser:ssh-rsa AAAAB3NzaC1yc2EAAAADAQABAAABgQDUpzmPJ1MQkcfSs6i5RuO5+BR3lPRtky2y+H+zzKX9zgLqq1w+VSIw8aoXW0UmtN1vkD0zbawt8NNbH6p+2kTiuqRhGEmp0wOcchjnt/VPVikOpMUq0s3/Qqjp+qt7/VXTme28Mpa5UgqImL+cJH9eEO8GYr3hfhIPl2sISpSJVbUTa+/KoPcKs2nHPond0B49zANM+WdwRtS5DASyTur0UsUeQLfG/sfnnGf3sr+EqYud05NfyaZ4kkRxJC8KMBcltZfLtMpqpu7/M82DveK4eL7dW2iWPhtR7rfw84FI3xnQDNbGn10FmsBeYEA5ZXYS7laScqiCjliy1arJf+tE/wqpP24KtNHc7ZTH9UzP0idCoXkTZIh4s3YzA5DJk0NZJis/9WMoP7NxETGzBZqyBEON1QIHldWZWo6lFCdrT5BX/74nNOitzW6vF62K8RyloR74H9ca209Ejh98hMgHzjn/aPGpL5USDuSgtWSZ+xQLTmtWgldo6zVDJSY8VlE= customuser@470c1e476f50\n"
            },
            "metadata_fingerprint": "yVuKOHv94PM=",
            "metadata_startup_script": null,
            "min_cpu_platform": "",
            "name": "model-manager",
            "network_interface": [
              {
                "access_config": [
                  {
                    "nat_ip": "34.40.121.161",
                    "network_tier": "PREMIUM",
                    "public_ptr_domain_name": ""
                  }
                ],
                "alias_ip_range": [],
                "internal_ipv6_prefix_length": 0,
                "ipv6_access_config": [],
                "ipv6_access_type": "",
                "ipv6_address": "",
                "name": "nic0",
                "network": "https://www.googleapis.com/compute/v1/projects/ai-at-edge-442215/global/networks/main-vpc",
                "network_ip": "10.0.1.13",
                "nic_type": "",
                "queue_count": 0,
                "stack_type": "IPV4_ONLY",
                "subnetwork": "https://www.googleapis.com/compute/v1/projects/ai-at-edge-442215/regions/europe-west3/subnetworks/main-subnet",
                "subnetwork_project": "ai-at-edge-442215"
              }
            ],
            "network_performance_config": [],
            "params": [],
            "project": "ai-at-edge-442215",
            "reservation_affinity": [],
            "resource_policies": null,
            "scheduling": [
              {
                "automatic_restart": false,
                "instance_termination_action": "STOP",
                "local_ssd_recovery_timeout": [],
                "max_run_duration": [],
                "min_node_cpus": 0,
                "node_affinities": [],
                "on_host_maintenance": "TERMINATE",
                "on_instance_stop_action": [],
                "preemptible": true,
                "provisioning_model": "SPOT"
              }
            ],
            "scratch_disk": [],
            "self_link": "https://www.googleapis.com/compute/v1/projects/ai-at-edge-442215/zones/europe-west3-b/instances/model-manager",
            "service_account": [],
            "shielded_instance_config": [
              {
                "enable_integrity_monitoring": true,
                "enable_secure_boot": false,
                "enable_vtpm": true
              }
            ],
            "tags": null,
            "tags_fingerprint": "42WmSpB8rSM=",
            "terraform_labels": {
              "goog-terraform-provisioned": "true"
            },
            "timeouts": null,
            "zone": "europe-west3-b"
          },
          "sensitive_attributes": [
            [
              {
                "type": "get_attr",
                "value": "boot_disk"
              },
              {
                "type": "index",
                "value": {
                  "value": 0,
                  "type": "number"
                }
              },
              {
                "type": "get_attr",
                "value": "disk_encryption_key_raw"
              }
            ]
          ],
          "identity_schema_version": 0,
          "private": "eyJlMmJmYjczMC1lY2FhLTExZTYtOGY4OC0zNDM2M2JjN2M0YzAiOnsiY3JlYXRlIjoxMjAwMDAwMDAwMDAwLCJkZWxldGUiOjEyMDAwMDAwMDAwMDAsInVwZGF0ZSI6MTIwMDAwMDAwMDAwMH0sInNjaGVtYV92ZXJzaW9uIjoiNiJ9",
          "dependencies": [
            "google_compute_network.main_vpc",
            "google_compute_subnetwork.main_subnet"
          ]
        },
        {
          "index_key": 3,
          "schema_version": 6,
          "attributes": {
            "advanced_machine_features": [],
            "allow_stopping_for_update": null,
            "attached_disk": [],
            "boot_disk": [
              {
                "auto_delete": true,
                "device_name": "persistent-disk-0",
                "disk_encryption_key_raw": "",
                "disk_encryption_key_sha256": "",
                "initialize_params": [
                  {
                    "enable_confidential_compute": false,
                    "image": "https://www.googleapis.com/compute/v1/projects/ai-at-edge-442215/global/images/simone-image-6",
                    "labels": {},
                    "provisioned_iops": 0,
                    "provisioned_throughput": 0,
                    "resource_manager_tags": null,
                    "resource_policies": [],
                    "size": 75,
                    "storage_pool": "",
                    "type": "pd-standard"
                  }
                ],
                "interface": "",
                "kms_key_self_link": "",
                "mode": "READ_WRITE",
                "source": "https://www.googleapis.com/compute/v1/projects/ai-at-edge-442215/zones/europe-west3-b/disks/deployer"
              }
            ],
            "can_ip_forward": false,
            "confidential_instance_config": [],
            "cpu_platform": "Intel Cascade Lake",
            "current_status": "RUNNING",
            "deletion_protection": false,
            "description": "",
            "desired_status": null,
            "effective_labels": {
              "goog-terraform-provisioned": "true"
            },
            "enable_display": false,
            "guest_accelerator": [],
            "hostname": "",
            "id": "projects/ai-at-edge-442215/zones/europe-west3-b/instances/deployer",
            "instance_id": "9096284189562711245",
            "label_fingerprint": "vezUS-42LLM=",
            "labels": null,
            "machine_type": "n2-standard-8",
            "metadata": {
              "ssh-keys": "customuser:ssh-rsa AAAAB3NzaC1yc2EAAAADAQABAAABgQDUpzmPJ1MQkcfSs6i5RuO5+BR3lPRtky2y+H+zzKX9zgLqq1w+VSIw8aoXW0UmtN1vkD0zbawt8NNbH6p+2kTiuqRhGEmp0wOcchjnt/VPVikOpMUq0s3/Qqjp+qt7/VXTme28Mpa5UgqImL+cJH9eEO8GYr3hfhIPl2sISpSJVbUTa+/KoPcKs2nHPond0B49zANM+WdwRtS5DASyTur0UsUeQLfG/sfnnGf3sr+EqYud05NfyaZ4kkRxJC8KMBcltZfLtMpqpu7/M82DveK4eL7dW2iWPhtR7rfw84FI3xnQDNbGn10FmsBeYEA5ZXYS7laScqiCjliy1arJf+tE/wqpP24KtNHc7ZTH9UzP0idCoXkTZIh4s3YzA5DJk0NZJis/9WMoP7NxETGzBZqyBEON1QIHldWZWo6lFCdrT5BX/74nNOitzW6vF62K8RyloR74H9ca209Ejh98hMgHzjn/aPGpL5USDuSgtWSZ+xQLTmtWgldo6zVDJSY8VlE= customuser@470c1e476f50\n"
            },
            "metadata_fingerprint": "yVuKOHv94PM=",
            "metadata_startup_script": null,
            "min_cpu_platform": "",
            "name": "deployer",
            "network_interface": [
              {
                "access_config": [
                  {
                    "nat_ip": "34.107.34.176",
                    "network_tier": "PREMIUM",
                    "public_ptr_domain_name": ""
                  }
                ],
                "alias_ip_range": [],
                "internal_ipv6_prefix_length": 0,
                "ipv6_access_config": [],
                "ipv6_access_type": "",
                "ipv6_address": "",
                "name": "nic0",
                "network": "https://www.googleapis.com/compute/v1/projects/ai-at-edge-442215/global/networks/main-vpc",
                "network_ip": "10.0.1.14",
                "nic_type": "",
                "queue_count": 0,
                "stack_type": "IPV4_ONLY",
                "subnetwork": "https://www.googleapis.com/compute/v1/projects/ai-at-edge-442215/regions/europe-west3/subnetworks/main-subnet",
                "subnetwork_project": "ai-at-edge-442215"
              }
            ],
            "network_performance_config": [],
            "params": [],
            "project": "ai-at-edge-442215",
            "reservation_affinity": [],
            "resource_policies": null,
            "scheduling": [
              {
                "automatic_restart": false,
                "instance_termination_action": "",
                "local_ssd_recovery_timeout": [],
                "max_run_duration": [],
                "min_node_cpus": 0,
                "node_affinities": [],
                "on_host_maintenance": "MIGRATE",
                "on_instance_stop_action": [],
                "preemptible": false,
                "provisioning_model": "STANDARD"
              }
            ],
            "scratch_disk": [],
            "self_link": "https://www.googleapis.com/compute/v1/projects/ai-at-edge-442215/zones/europe-west3-b/instances/deployer",
            "service_account": [],
            "shielded_instance_config": [
              {
                "enable_integrity_monitoring": true,
                "enable_secure_boot": false,
                "enable_vtpm": true
              }
            ],
            "tags": null,
            "tags_fingerprint": "42WmSpB8rSM=",
            "terraform_labels": {
              "goog-terraform-provisioned": "true"
            },
            "timeouts": null,
            "zone": "europe-west3-b"
          },
          "sensitive_attributes": [
            [
              {
                "type": "get_attr",
                "value": "boot_disk"
              },
              {
                "type": "index",
                "value": {
                  "value": 0,
                  "type": "number"
                }
              },
              {
                "type": "get_attr",
                "value": "disk_encryption_key_raw"
              }
            ]
          ],
          "identity_schema_version": 0,
          "private": "eyJlMmJmYjczMC1lY2FhLTExZTYtOGY4OC0zNDM2M2JjN2M0YzAiOnsiY3JlYXRlIjoxMjAwMDAwMDAwMDAwLCJkZWxldGUiOjEyMDAwMDAwMDAwMDAsInVwZGF0ZSI6MTIwMDAwMDAwMDAwMH0sInNjaGVtYV92ZXJzaW9uIjoiNiJ9",
          "dependencies": [
            "google_compute_network.main_vpc",
            "google_compute_subnetwork.main_subnet"
          ]
        },
        {
          "index_key": 4,
          "schema_version": 6,
          "attributes": {
            "advanced_machine_features": [],
            "allow_stopping_for_update": null,
            "attached_disk": [],
            "boot_disk": [
              {
                "auto_delete": true,
                "device_name": "persistent-disk-0",
                "disk_encryption_key_raw": "",
                "disk_encryption_key_sha256": "",
                "initialize_params": [
                  {
                    "enable_confidential_compute": false,
                    "image": "https://www.googleapis.com/compute/v1/projects/ai-at-edge-442215/global/images/simone-image-6",
                    "labels": {},
                    "provisioned_iops": 0,
                    "provisioned_throughput": 0,
                    "resource_manager_tags": null,
                    "resource_policies": [],
                    "size": 75,
                    "storage_pool": "",
                    "type": "pd-standard"
                  }
                ],
                "interface": "",
                "kms_key_self_link": "",
                "mode": "READ_WRITE",
                "source": "https://www.googleapis.com/compute/v1/projects/ai-at-edge-442215/zones/europe-west3-b/disks/device"
              }
            ],
            "can_ip_forward": false,
            "confidential_instance_config": [],
            "cpu_platform": "Intel Cascade Lake",
            "current_status": "RUNNING",
            "deletion_protection": false,
            "description": "",
            "desired_status": null,
            "effective_labels": {
              "goog-terraform-provisioned": "true"
            },
            "enable_display": false,
            "guest_accelerator": [],
            "hostname": "",
            "id": "projects/ai-at-edge-442215/zones/europe-west3-b/instances/device",
            "instance_id": "4031069682174995659",
            "label_fingerprint": "vezUS-42LLM=",
            "labels": null,
            "machine_type": "n2-standard-8",
            "metadata": {
              "ssh-keys": "customuser:ssh-rsa AAAAB3NzaC1yc2EAAAADAQABAAABgQDUpzmPJ1MQkcfSs6i5RuO5+BR3lPRtky2y+H+zzKX9zgLqq1w+VSIw8aoXW0UmtN1vkD0zbawt8NNbH6p+2kTiuqRhGEmp0wOcchjnt/VPVikOpMUq0s3/Qqjp+qt7/VXTme28Mpa5UgqImL+cJH9eEO8GYr3hfhIPl2sISpSJVbUTa+/KoPcKs2nHPond0B49zANM+WdwRtS5DASyTur0UsUeQLfG/sfnnGf3sr+EqYud05NfyaZ4kkRxJC8KMBcltZfLtMpqpu7/M82DveK4eL7dW2iWPhtR7rfw84FI3xnQDNbGn10FmsBeYEA5ZXYS7laScqiCjliy1arJf+tE/wqpP24KtNHc7ZTH9UzP0idCoXkTZIh4s3YzA5DJk0NZJis/9WMoP7NxETGzBZqyBEON1QIHldWZWo6lFCdrT5BX/74nNOitzW6vF62K8RyloR74H9ca209Ejh98hMgHzjn/aPGpL5USDuSgtWSZ+xQLTmtWgldo6zVDJSY8VlE= customuser@470c1e476f50\n"
            },
            "metadata_fingerprint": "yVuKOHv94PM=",
            "metadata_startup_script": null,
            "min_cpu_platform": "",
            "name": "device",
            "network_interface": [
              {
                "access_config": [
                  {
                    "nat_ip": "34.159.32.204",
                    "network_tier": "PREMIUM",
                    "public_ptr_domain_name": ""
                  }
                ],
                "alias_ip_range": [],
                "internal_ipv6_prefix_length": 0,
                "ipv6_access_config": [],
                "ipv6_access_type": "",
                "ipv6_address": "",
                "name": "nic0",
                "network": "https://www.googleapis.com/compute/v1/projects/ai-at-edge-442215/global/networks/main-vpc",
                "network_ip": "10.0.1.15",
                "nic_type": "",
                "queue_count": 0,
                "stack_type": "IPV4_ONLY",
                "subnetwork": "https://www.googleapis.com/compute/v1/projects/ai-at-edge-442215/regions/europe-west3/subnetworks/main-subnet",
                "subnetwork_project": "ai-at-edge-442215"
              }
            ],
            "network_performance_config": [],
            "params": [],
            "project": "ai-at-edge-442215",
            "reservation_affinity": [],
            "resource_policies": null,
            "scheduling": [
              {
                "automatic_restart": false,
                "instance_termination_action": "",
                "local_ssd_recovery_timeout": [],
                "max_run_duration": [],
                "min_node_cpus": 0,
                "node_affinities": [],
                "on_host_maintenance": "MIGRATE",
                "on_instance_stop_action": [],
                "preemptible": false,
                "provisioning_model": "STANDARD"
              }
            ],
            "scratch_disk": [],
            "self_link": "https://www.googleapis.com/compute/v1/projects/ai-at-edge-442215/zones/europe-west3-b/instances/device",
            "service_account": [],
            "shielded_instance_config": [
              {
                "enable_integrity_monitoring": true,
                "enable_secure_boot": false,
                "enable_vtpm": true
              }
            ],
            "tags": null,
            "tags_fingerprint": "42WmSpB8rSM=",
            "terraform_labels": {
              "goog-terraform-provisioned": "true"
            },
            "timeouts": null,
            "zone": "europe-west3-b"
          },
          "sensitive_attributes": [
            [
              {
                "type": "get_attr",
                "value": "boot_disk"
              },
              {
                "type": "index",
                "value": {
                  "value": 0,
                  "type": "number"
                }
              },
              {
                "type": "get_attr",
                "value": "disk_encryption_key_raw"
              }
            ]
          ],
          "identity_schema_version": 0,
          "private": "eyJlMmJmYjczMC1lY2FhLTExZTYtOGY4OC0zNDM2M2JjN2M0YzAiOnsiY3JlYXRlIjoxMjAwMDAwMDAwMDAwLCJkZWxldGUiOjEyMDAwMDAwMDAwMDAsInVwZGF0ZSI6MTIwMDAwMDAwMDAwMH0sInNjaGVtYV92ZXJzaW9uIjoiNiJ9",
          "dependencies": [
            "google_compute_network.main_vpc",
            "google_compute_subnetwork.main_subnet"
          ]
        },
        {
          "index_key": 5,
          "schema_version": 6,
          "attributes": {
            "advanced_machine_features": [],
            "allow_stopping_for_update": null,
            "attached_disk": [],
            "boot_disk": [
              {
                "auto_delete": true,
                "device_name": "persistent-disk-0",
                "disk_encryption_key_raw": "",
                "disk_encryption_key_sha256": "",
                "initialize_params": [
                  {
                    "enable_confidential_compute": false,
                    "image": "https://www.googleapis.com/compute/v1/projects/ai-at-edge-442215/global/images/simone-image-6",
                    "labels": {},
                    "provisioned_iops": 0,
                    "provisioned_throughput": 0,
                    "resource_manager_tags": null,
                    "resource_policies": [],
                    "size": 75,
                    "storage_pool": "",
                    "type": "pd-standard"
                  }
                ],
                "interface": "",
                "kms_key_self_link": "",
                "mode": "READ_WRITE",
                "source": "https://www.googleapis.com/compute/v1/projects/ai-at-edge-442215/zones/europe-west3-b/disks/server-1"
              }
            ],
            "can_ip_forward": false,
            "confidential_instance_config": [],
            "cpu_platform": "Intel Cascade Lake",
            "current_status": "RUNNING",
            "deletion_protection": false,
            "description": "",
            "desired_status": null,
            "effective_labels": {
              "goog-terraform-provisioned": "true"
            },
            "enable_display": false,
            "guest_accelerator": [],
            "hostname": "",
            "id": "projects/ai-at-edge-442215/zones/europe-west3-b/instances/server-1",
            "instance_id": "109194603061783755",
            "label_fingerprint": "vezUS-42LLM=",
            "labels": null,
            "machine_type": "n2-standard-8",
            "metadata": {
              "ssh-keys": "customuser:ssh-rsa AAAAB3NzaC1yc2EAAAADAQABAAABgQDUpzmPJ1MQkcfSs6i5RuO5+BR3lPRtky2y+H+zzKX9zgLqq1w+VSIw8aoXW0UmtN1vkD0zbawt8NNbH6p+2kTiuqRhGEmp0wOcchjnt/VPVikOpMUq0s3/Qqjp+qt7/VXTme28Mpa5UgqImL+cJH9eEO8GYr3hfhIPl2sISpSJVbUTa+/KoPcKs2nHPond0B49zANM+WdwRtS5DASyTur0UsUeQLfG/sfnnGf3sr+EqYud05NfyaZ4kkRxJC8KMBcltZfLtMpqpu7/M82DveK4eL7dW2iWPhtR7rfw84FI3xnQDNbGn10FmsBeYEA5ZXYS7laScqiCjliy1arJf+tE/wqpP24KtNHc7ZTH9UzP0idCoXkTZIh4s3YzA5DJk0NZJis/9WMoP7NxETGzBZqyBEON1QIHldWZWo6lFCdrT5BX/74nNOitzW6vF62K8RyloR74H9ca209Ejh98hMgHzjn/aPGpL5USDuSgtWSZ+xQLTmtWgldo6zVDJSY8VlE= customuser@470c1e476f50\n"
            },
            "metadata_fingerprint": "yVuKOHv94PM=",
            "metadata_startup_script": null,
            "min_cpu_platform": "",
            "name": "server-1",
            "network_interface": [
              {
                "access_config": [
                  {
                    "nat_ip": "34.40.125.120",
                    "network_tier": "PREMIUM",
                    "public_ptr_domain_name": ""
                  }
                ],
                "alias_ip_range": [],
                "internal_ipv6_prefix_length": 0,
                "ipv6_access_config": [],
                "ipv6_access_type": "",
                "ipv6_address": "",
                "name": "nic0",
                "network": "https://www.googleapis.com/compute/v1/projects/ai-at-edge-442215/global/networks/main-vpc",
                "network_ip": "10.0.1.16",
                "nic_type": "",
                "queue_count": 0,
                "stack_type": "IPV4_ONLY",
                "subnetwork": "https://www.googleapis.com/compute/v1/projects/ai-at-edge-442215/regions/europe-west3/subnetworks/main-subnet",
                "subnetwork_project": "ai-at-edge-442215"
              }
            ],
            "network_performance_config": [],
            "params": [],
            "project": "ai-at-edge-442215",
            "reservation_affinity": [],
            "resource_policies": null,
            "scheduling": [
              {
                "automatic_restart": false,
                "instance_termination_action": "",
                "local_ssd_recovery_timeout": [],
                "max_run_duration": [],
                "min_node_cpus": 0,
                "node_affinities": [],
                "on_host_maintenance": "MIGRATE",
                "on_instance_stop_action": [],
                "preemptible": false,
                "provisioning_model": "STANDARD"
              }
            ],
            "scratch_disk": [],
            "self_link": "https://www.googleapis.com/compute/v1/projects/ai-at-edge-442215/zones/europe-west3-b/instances/server-1",
            "service_account": [],
            "shielded_instance_config": [
              {
                "enable_integrity_monitoring": true,
                "enable_secure_boot": false,
                "enable_vtpm": true
              }
            ],
            "tags": null,
            "tags_fingerprint": "42WmSpB8rSM=",
            "terraform_labels": {
              "goog-terraform-provisioned": "true"
            },
            "timeouts": null,
            "zone": "europe-west3-b"
          },
          "sensitive_attributes": [
            [
              {
                "type": "get_attr",
                "value": "boot_disk"
              },
              {
                "type": "index",
                "value": {
                  "value": 0,
                  "type": "number"
                }
              },
              {
                "type": "get_attr",
                "value": "disk_encryption_key_raw"
              }
            ]
          ],
          "identity_schema_version": 0,
          "private": "eyJlMmJmYjczMC1lY2FhLTExZTYtOGY4OC0zNDM2M2JjN2M0YzAiOnsiY3JlYXRlIjoxMjAwMDAwMDAwMDAwLCJkZWxldGUiOjEyMDAwMDAwMDAwMDAsInVwZGF0ZSI6MTIwMDAwMDAwMDAwMH0sInNjaGVtYV92ZXJzaW9uIjoiNiJ9",
          "dependencies": [
            "google_compute_network.main_vpc",
            "google_compute_subnetwork.main_subnet"
          ]
        },
        {
          "index_key": 6,
          "schema_version": 6,
          "attributes": {
            "advanced_machine_features": [],
            "allow_stopping_for_update": null,
            "attached_disk": [],
            "boot_disk": [
              {
                "auto_delete": true,
                "device_name": "persistent-disk-0",
                "disk_encryption_key_raw": "",
                "disk_encryption_key_sha256": "",
                "initialize_params": [
                  {
                    "enable_confidential_compute": false,
                    "image": "https://www.googleapis.com/compute/v1/projects/ai-at-edge-442215/global/images/simone-image-6",
                    "labels": {},
                    "provisioned_iops": 0,
                    "provisioned_throughput": 0,
                    "resource_manager_tags": null,
                    "resource_policies": [],
                    "size": 75,
                    "storage_pool": "",
                    "type": "pd-standard"
                  }
                ],
                "interface": "",
                "kms_key_self_link": "",
                "mode": "READ_WRITE",
                "source": "https://www.googleapis.com/compute/v1/projects/ai-at-edge-442215/zones/europe-west3-b/disks/server-2"
              }
            ],
            "can_ip_forward": false,
            "confidential_instance_config": [],
            "cpu_platform": "Intel Cascade Lake",
            "current_status": "RUNNING",
            "deletion_protection": false,
            "description": "",
            "desired_status": null,
            "effective_labels": {
              "goog-terraform-provisioned": "true"
            },
            "enable_display": false,
            "guest_accelerator": [],
            "hostname": "",
            "id": "projects/ai-at-edge-442215/zones/europe-west3-b/instances/server-2",
            "instance_id": "8561436026770500812",
            "label_fingerprint": "vezUS-42LLM=",
            "labels": null,
            "machine_type": "n2-standard-8",
            "metadata": {
              "ssh-keys": "customuser:ssh-rsa AAAAB3NzaC1yc2EAAAADAQABAAABgQDUpzmPJ1MQkcfSs6i5RuO5+BR3lPRtky2y+H+zzKX9zgLqq1w+VSIw8aoXW0UmtN1vkD0zbawt8NNbH6p+2kTiuqRhGEmp0wOcchjnt/VPVikOpMUq0s3/Qqjp+qt7/VXTme28Mpa5UgqImL+cJH9eEO8GYr3hfhIPl2sISpSJVbUTa+/KoPcKs2nHPond0B49zANM+WdwRtS5DASyTur0UsUeQLfG/sfnnGf3sr+EqYud05NfyaZ4kkRxJC8KMBcltZfLtMpqpu7/M82DveK4eL7dW2iWPhtR7rfw84FI3xnQDNbGn10FmsBeYEA5ZXYS7laScqiCjliy1arJf+tE/wqpP24KtNHc7ZTH9UzP0idCoXkTZIh4s3YzA5DJk0NZJis/9WMoP7NxETGzBZqyBEON1QIHldWZWo6lFCdrT5BX/74nNOitzW6vF62K8RyloR74H9ca209Ejh98hMgHzjn/aPGpL5USDuSgtWSZ+xQLTmtWgldo6zVDJSY8VlE= customuser@470c1e476f50\n"
            },
            "metadata_fingerprint": "yVuKOHv94PM=",
            "metadata_startup_script": null,
            "min_cpu_platform": "",
            "name": "server-2",
            "network_interface": [
              {
                "access_config": [
                  {
                    "nat_ip": "34.159.170.82",
                    "network_tier": "PREMIUM",
                    "public_ptr_domain_name": ""
                  }
                ],
                "alias_ip_range": [],
                "internal_ipv6_prefix_length": 0,
                "ipv6_access_config": [],
                "ipv6_access_type": "",
                "ipv6_address": "",
                "name": "nic0",
                "network": "https://www.googleapis.com/compute/v1/projects/ai-at-edge-442215/global/networks/main-vpc",
                "network_ip": "10.0.1.17",
                "nic_type": "",
                "queue_count": 0,
                "stack_type": "IPV4_ONLY",
                "subnetwork": "https://www.googleapis.com/compute/v1/projects/ai-at-edge-442215/regions/europe-west3/subnetworks/main-subnet",
                "subnetwork_project": "ai-at-edge-442215"
              }
            ],
            "network_performance_config": [],
            "params": [],
            "project": "ai-at-edge-442215",
            "reservation_affinity": [],
            "resource_policies": null,
            "scheduling": [
              {
                "automatic_restart": false,
                "instance_termination_action": "",
                "local_ssd_recovery_timeout": [],
                "max_run_duration": [],
                "min_node_cpus": 0,
                "node_affinities": [],
                "on_host_maintenance": "MIGRATE",
                "on_instance_stop_action": [],
                "preemptible": false,
                "provisioning_model": "STANDARD"
              }
            ],
            "scratch_disk": [],
            "self_link": "https://www.googleapis.com/compute/v1/projects/ai-at-edge-442215/zones/europe-west3-b/instances/server-2",
            "service_account": [],
            "shielded_instance_config": [
              {
                "enable_integrity_monitoring": true,
                "enable_secure_boot": false,
                "enable_vtpm": true
              }
            ],
            "tags": null,
            "tags_fingerprint": "42WmSpB8rSM=",
            "terraform_labels": {
              "goog-terraform-provisioned": "true"
            },
            "timeouts": null,
            "zone": "europe-west3-b"
          },
          "sensitive_attributes": [
            [
              {
                "type": "get_attr",
                "value": "boot_disk"
              },
              {
                "type": "index",
                "value": {
                  "value": 0,
                  "type": "number"
                }
              },
              {
                "type": "get_attr",
                "value": "disk_encryption_key_raw"
              }
            ]
          ],
          "identity_schema_version": 0,
          "private": "eyJlMmJmYjczMC1lY2FhLTExZTYtOGY4OC0zNDM2M2JjN2M0YzAiOnsiY3JlYXRlIjoxMjAwMDAwMDAwMDAwLCJkZWxldGUiOjEyMDAwMDAwMDAwMDAsInVwZGF0ZSI6MTIwMDAwMDAwMDAwMH0sInNjaGVtYV92ZXJzaW9uIjoiNiJ9",
          "dependencies": [
            "google_compute_network.main_vpc",
            "google_compute_subnetwork.main_subnet"
          ]
        }
      ]
    },
    {
      "mode": "managed",
      "type": "google_compute_network",
      "name": "main_vpc",
      "provider": "provider[\"registry.terraform.io/hashicorp/google\"]",
      "instances": [
        {
          "schema_version": 0,
          "attributes": {
            "auto_create_subnetworks": false,
            "delete_default_routes_on_create": false,
            "description": "",
            "enable_ula_internal_ipv6": false,
            "gateway_ipv4": "",
            "id": "projects/ai-at-edge-442215/global/networks/main-vpc",
            "internal_ipv6_range": "",
            "mtu": 0,
            "name": "main-vpc",
            "network_firewall_policy_enforcement_order": "AFTER_CLASSIC_FIREWALL",
            "numeric_id": "8387646677718347537",
            "project": "ai-at-edge-442215",
            "routing_mode": "REGIONAL",
            "self_link": "https://www.googleapis.com/compute/v1/projects/ai-at-edge-442215/global/networks/main-vpc",
            "timeouts": null
          },
          "sensitive_attributes": [],
          "identity_schema_version": 0,
          "private": "eyJlMmJmYjczMC1lY2FhLTExZTYtOGY4OC0zNDM2M2JjN2M0YzAiOnsiY3JlYXRlIjoxMjAwMDAwMDAwMDAwLCJkZWxldGUiOjEyMDAwMDAwMDAwMDAsInVwZGF0ZSI6MTIwMDAwMDAwMDAwMH19"
        }
      ]
    },
    {
      "mode": "managed",
      "type": "google_compute_subnetwork",
      "name": "main_subnet",
      "provider": "provider[\"registry.terraform.io/hashicorp/google\"]",
      "instances": [
        {
          "schema_version": 0,
          "attributes": {
            "creation_timestamp": "2025-06-15T02:27:39.380-07:00",
            "description": "",
            "external_ipv6_prefix": "",
            "fingerprint": null,
            "gateway_address": "10.0.1.1",
            "id": "projects/ai-at-edge-442215/regions/europe-west3/subnetworks/main-subnet",
            "internal_ipv6_prefix": "",
            "ip_cidr_range": "10.0.1.0/24",
            "ipv6_access_type": "",
            "ipv6_cidr_range": "",
            "log_config": [],
            "name": "main-subnet",
            "network": "https://www.googleapis.com/compute/v1/projects/ai-at-edge-442215/global/networks/main-vpc",
            "private_ip_google_access": false,
            "private_ipv6_google_access": "DISABLE_GOOGLE_ACCESS",
            "project": "ai-at-edge-442215",
            "purpose": "PRIVATE",
            "region": "europe-west3",
            "reserved_internal_range": "",
            "role": "",
            "secondary_ip_range": [],
            "self_link": "https://www.googleapis.com/compute/v1/projects/ai-at-edge-442215/regions/europe-west3/subnetworks/main-subnet",
            "send_secondary_ip_range_if_empty": null,
            "stack_type": "IPV4_ONLY",
            "timeouts": null
          },
          "sensitive_attributes": [],
          "identity_schema_version": 0,
          "private": "eyJlMmJmYjczMC1lY2FhLTExZTYtOGY4OC0zNDM2M2JjN2M0YzAiOnsiY3JlYXRlIjoxMjAwMDAwMDAwMDAwLCJkZWxldGUiOjEyMDAwMDAwMDAwMDAsInVwZGF0ZSI6MTIwMDAwMDAwMDAwMH19",
          "dependencies": [
            "google_compute_network.main_vpc"
          ]
        }
      ]
    }
  ],
  "check_results": null
}
